PODS:
  - Alamofire (4.8.1)
  - APICaller (0.1.0):
    - Alamofire

DEPENDENCIES:
  - APICaller (from `../`)

SPEC REPOS:
  https://github.com/cocoapods/specs.git:
    - Alamofire

EXTERNAL SOURCES:
  APICaller:
    :path: "../"

SPEC CHECKSUMS:
  Alamofire: 16ce2c353fb72865124ddae8a57c5942388f4f11
  APICaller: 18bcc339bc96434e4f73a95468389bdf5f48d784

PODFILE CHECKSUM: f9db5804e33e0da1649e53f7b86442f5b8a5d814

COCOAPODS: 1.5.3
